<?xml version="1.0" encoding="utf-8"?>
<Project ToolsVersion="4.0" xmlns="http://schemas.microsoft.com/developer/msbuild/2003">
  <ItemGroup>
    <Filter Include="Fichiers sources">
      <UniqueIdentifier>{4FC737F1-C7A5-4376-A066-2A32D752A2FF}</UniqueIdentifier>
      <Extensions>cpp;c;cc;cxx;def;odl;idl;hpj;bat;asm;asmx</Extensions>
    </Filter>
    <Filter Include="Fichiers d%27en-tête">
      <UniqueIdentifier>{93995380-89BD-4b04-88EB-625FBE52EBFB}</UniqueIdentifier>
      <Extensions>h;hh;hpp;hxx;hm;inl;inc;ipp;xsd</Extensions>
    </Filter>
    <Filter Include="Fichiers de ressources">
      <UniqueIdentifier>{67DA6AB6-F800-4c08-8B7A-83BB121AAD01}</UniqueIdentifier>
      <Extensions>rc;ico;cur;bmp;dlg;rc2;rct;bin;rgs;gif;jpg;jpeg;jpe;resx;tiff;tif;png;wav;mfcribbon-ms</Extensions>
    </Filter>
    <Filter Include="Fichiers d%27en-tête\Imgui">
      <UniqueIdentifier>{d78cd37b-8f74-461c-9c2d-0bf412bcaeb8}</UniqueIdentifier>
    </Filter>
    <Filter Include="Fichiers sources\Imgui">
      <UniqueIdentifier>{85490256-452e-4fec-85e6-e369844de3d6}</UniqueIdentifier>
    </Filter>
    <Filter Include="Fichiers d%27en-tête\Vulkan">
      <UniqueIdentifier>{af3b7242-acd2-47d5-b627-d7570fa10190}</UniqueIdentifier>
    </Filter>
    <Filter Include="Fichiers sources\Vulkan">
      <UniqueIdentifier>{737544a9-cd5e-40ba-a739-d4f2b46a7de8}</UniqueIdentifier>
    </Filter>
  </ItemGroup>
  <ItemGroup>
    <ClInclude Include="src\Timer.h">
      <Filter>Fichiers d%27en-tête</Filter>
    </ClInclude>
    <ClInclude Include="src\GlfwManager.h">
      <Filter>Fichiers d%27en-tête</Filter>
    </ClInclude>
    <ClInclude Include="src\FPSCounter.h">
      <Filter>Fichiers d%27en-tête</Filter>
    </ClInclude>
    <ClInclude Include="src\Texture.h">
      <Filter>Fichiers d%27en-tête</Filter>
    </ClInclude>
    <ClInclude Include="src\Mesh.h">
      <Filter>Fichiers d%27en-tête</Filter>
    </ClInclude>
    <ClInclude Include="src\Model.h">
      <Filter>Fichiers d%27en-tête</Filter>
    </ClInclude>
    <ClInclude Include="src\Imgui\imconfig.h">
      <Filter>Fichiers d%27en-tête\Imgui</Filter>
    </ClInclude>
    <ClInclude Include="src\Imgui\imgui.h">
      <Filter>Fichiers d%27en-tête\Imgui</Filter>
    </ClInclude>
    <ClInclude Include="src\Imgui\imgui_impl_glfw.h">
      <Filter>Fichiers d%27en-tête\Imgui</Filter>
    </ClInclude>
    <ClInclude Include="src\Imgui\imgui_impl_vulkan.h">
      <Filter>Fichiers d%27en-tête\Imgui</Filter>
    </ClInclude>
    <ClInclude Include="src\Imgui\imgui_internal.h">
      <Filter>Fichiers d%27en-tête\Imgui</Filter>
    </ClInclude>
    <ClInclude Include="src\Imgui\imstb_rectpack.h">
      <Filter>Fichiers d%27en-tête\Imgui</Filter>
    </ClInclude>
    <ClInclude Include="src\Imgui\imstb_textedit.h">
      <Filter>Fichiers d%27en-tête\Imgui</Filter>
    </ClInclude>
    <ClInclude Include="src\Imgui\imstb_truetype.h">
      <Filter>Fichiers d%27en-tête\Imgui</Filter>
    </ClInclude>
    <ClInclude Include="src\ImguiStuff.h">
      <Filter>Fichiers d%27en-tête</Filter>
    </ClInclude>
    <ClInclude Include="src\Scene.h">
      <Filter>Fichiers d%27en-tête</Filter>
    </ClInclude>
    <ClInclude Include="src\VulkanSwapChain.h">
      <Filter>Fichiers d%27en-tête\Vulkan</Filter>
    </ClInclude>
    <ClInclude Include="src\VulkanDescriptor.h">
      <Filter>Fichiers d%27en-tête\Vulkan</Filter>
    </ClInclude>
    <ClInclude Include="src\VulkanGraphicPipeline.h">
      <Filter>Fichiers d%27en-tête\Vulkan</Filter>
    </ClInclude>
    <ClInclude Include="src\VulkanHelper.h">
      <Filter>Fichiers d%27en-tête\Vulkan</Filter>
    </ClInclude>
    <ClInclude Include="src\VulkanInstance.h">
      <Filter>Fichiers d%27en-tête\Vulkan</Filter>
    </ClInclude>
    <ClInclude Include="src\VulkanLayoutBinding.h">
      <Filter>Fichiers d%27en-tête\Vulkan</Filter>
    </ClInclude>
    <ClInclude Include="src\VulkanLogicalDevice.h">
      <Filter>Fichiers d%27en-tête\Vulkan</Filter>
    </ClInclude>
    <ClInclude Include="src\VulkanManager.h">
      <Filter>Fichiers d%27en-tête\Vulkan</Filter>
    </ClInclude>
    <ClInclude Include="src\VulkanPhysicalDevice.h">
      <Filter>Fichiers d%27en-tête\Vulkan</Filter>
    </ClInclude>
    <ClInclude Include="src\VulkanRenderPass.h">
      <Filter>Fichiers d%27en-tête\Vulkan</Filter>
    </ClInclude>
    <ClInclude Include="src\VulkanShader.h">
      <Filter>Fichiers d%27en-tête\Vulkan</Filter>
    </ClInclude>
    <ClInclude Include="src\Log.h">
      <Filter>Fichiers d%27en-tête</Filter>
    </ClInclude>
  </ItemGroup>
  <ItemGroup>
    <ClCompile Include="src\Timer.cpp">
      <Filter>Fichiers sources</Filter>
    </ClCompile>
    <ClCompile Include="src\GlfwManager.cpp">
      <Filter>Fichiers sources</Filter>
    </ClCompile>
    <ClCompile Include="src\FPSCounter.cpp">
      <Filter>Fichiers sources</Filter>
    </ClCompile>
    <ClCompile Include="src\Texture.cpp">
      <Filter>Fichiers sources</Filter>
    </ClCompile>
    <ClCompile Include="src\Mesh.cpp">
      <Filter>Fichiers sources</Filter>
    </ClCompile>
    <ClCompile Include="src\Model.cpp">
      <Filter>Fichiers sources</Filter>
    </ClCompile>
    <ClCompile Include="src\Imgui\imgui.cpp">
      <Filter>Fichiers sources\Imgui</Filter>
    </ClCompile>
    <ClCompile Include="src\Imgui\imgui_draw.cpp">
      <Filter>Fichiers sources\Imgui</Filter>
    </ClCompile>
    <ClCompile Include="src\Imgui\imgui_impl_glfw.cpp">
      <Filter>Fichiers sources\Imgui</Filter>
    </ClCompile>
    <ClCompile Include="src\Imgui\imgui_impl_vulkan.cpp">
      <Filter>Fichiers sources\Imgui</Filter>
    </ClCompile>
    <ClCompile Include="src\Imgui\imgui_widgets.cpp">
      <Filter>Fichiers sources\Imgui</Filter>
    </ClCompile>
    <ClCompile Include="src\ImguiStuff.cpp">
      <Filter>Fichiers sources</Filter>
    </ClCompile>
    <ClCompile Include="src\Imgui\imgui_demo.cpp">
      <Filter>Fichiers sources\Imgui</Filter>
    </ClCompile>
    <ClCompile Include="src\Scene.cpp">
      <Filter>Fichiers sources</Filter>
    </ClCompile>
    <ClCompile Include="src\VulkanDescriptor.cpp">
      <Filter>Fichiers sources\Vulkan</Filter>
    </ClCompile>
    <ClCompile Include="src\VulkanGraphicPipeline.cpp">
      <Filter>Fichiers sources\Vulkan</Filter>
    </ClCompile>
    <ClCompile Include="src\VulkanHelper.cpp">
      <Filter>Fichiers sources\Vulkan</Filter>
    </ClCompile>
    <ClCompile Include="src\VulkanInstance.cpp">
      <Filter>Fichiers sources\Vulkan</Filter>
    </ClCompile>
    <ClCompile Include="src\VulkanLayoutBinding.cpp">
      <Filter>Fichiers sources\Vulkan</Filter>
    </ClCompile>
    <ClCompile Include="src\VulkanLogicalDevice.cpp">
      <Filter>Fichiers sources\Vulkan</Filter>
    </ClCompile>
    <ClCompile Include="src\VulkanManager.cpp">
      <Filter>Fichiers sources\Vulkan</Filter>
    </ClCompile>
    <ClCompile Include="src\VulkanPhysicalDevice.cpp">
      <Filter>Fichiers sources\Vulkan</Filter>
    </ClCompile>
    <ClCompile Include="src\VulkanRenderPass.cpp">
      <Filter>Fichiers sources\Vulkan</Filter>
    </ClCompile>
    <ClCompile Include="src\VulkanShader.cpp">
      <Filter>Fichiers sources\Vulkan</Filter>
    </ClCompile>
    <ClCompile Include="src\VulkanSwapChain.cpp">
      <Filter>Fichiers sources\Vulkan</Filter>
    </ClCompile>
    <ClCompile Include="src\Log.cpp">
      <Filter>Fichiers sources</Filter>
    </ClCompile>
  </ItemGroup>
</Project>